
Microsoft Visual Studio Solution File, Format Version 12.00
# Visual Studio 2013
VisualStudioVersion = 12.0.20617.1 PREVIEW
MinimumVisualStudioVersion = 10.0.40219.1
Project("{FAE04EC0-301F-11D3-BF4B-00C04F79EFBC}") = "RandomEpisodePlayer", "RandomEpisodePlayer\RandomEpisodePlayer.csproj", "{8CFF3157-617E-48F2-8B11-94C972120458}"
EndProject
Project("{FAE04EC0-301F-11D3-BF4B-00C04F79EFBC}") = "tvlib", "tvlib\tvlib.csproj", "{486ED641-75F6-4305-B6F2-7A94C72D7C95}"
EndProject
Global
	GlobalSection(SolutionConfigurationPlatforms) = preSolution
		Debug|Any CPU = Debug|Any CPU
		Release|Any CPU = Release|Any CPU
	EndGlobalSection
	GlobalSection(ProjectConfigurationPlatforms) = postSolution
		{8CFF3157-617E-48F2-8B11-94C972120458}.Debug|Any CPU.ActiveCfg = Debug|Any CPU
		{8CFF3157-617E-48F2-8B11-94C972120458}.Debug|Any CPU.Build.0 = Debug|Any CPU
		{8CFF3157-617E-48F2-8B11-94C972120458}.Release|Any CPU.ActiveCfg = Release|Any CPU
		{8CFF3157-617E-48F2-8B11-94C972120458}.Release|Any CPU.Build.0 = Release|Any CPU
		{486ED641-75F6-4305-B6F2-7A94C72D7C95}.Debug|Any CPU.ActiveCfg = Debug|Any CPU
		{486ED641-75F6-4305-B6F2-7A94C72D7C95}.Debug|Any CPU.Build.0 = Debug|Any CPU
		{486ED641-75F6-4305-B6F2-7A94C72D7C95}.Release|Any CPU.ActiveCfg = Release|Any CPU
		{486ED641-75F6-4305-B6F2-7A94C72D7C95}.Release|Any CPU.Build.0 = Release|Any CPU
	EndGlobalSection
	GlobalSection(SolutionProperties) = preSolution
		HideSolutionNode = FALSE
	EndGlobalSection
EndGlobal
